
Microsoft Visual Studio Solution File, Format Version 12.00
# Visual Studio 15
VisualStudioVersion = 15.0.27130.2027
MinimumVisualStudioVersion = 10.0.40219.1
Project("{FAE04EC0-301F-11D3-BF4B-00C04F79EFBC}") = "CraftJackAssessment", "CraftJackAssessment\CraftJackAssessment.csproj", "{2D47B2EC-0D8D-4640-A271-0A58F2B185C0}"
EndProject
Project("{FAE04EC0-301F-11D3-BF4B-00C04F79EFBC}") = "BusinessLogic", "BusinessLogic\BusinessLogic.csproj", "{5D359BAE-FEDF-45CA-9156-8A6744751D62}"
EndProject
Project("{9A19103F-16F7-4668-BE54-9A1E7A4F7556}") = "Tests", "Tests\Tests.csproj", "{B55799E7-2F68-4BD3-8F6A-06CB39B1FFB0}"
EndProject
Project("{2150E333-8FDC-42A3-9474-1A3956D46DE8}") = "Solution Items", "Solution Items", "{BD1AB755-9EA7-4FF7-B0F2-6F79286F2ADE}"
	ProjectSection(SolutionItems) = preProject
		Tests\TestInput1.txt = Tests\TestInput1.txt
	EndProjectSection
EndProject
Global
	GlobalSection(SolutionConfigurationPlatforms) = preSolution
		Debug|Any CPU = Debug|Any CPU
		Release|Any CPU = Release|Any CPU
	EndGlobalSection
	GlobalSection(ProjectConfigurationPlatforms) = postSolution
		{2D47B2EC-0D8D-4640-A271-0A58F2B185C0}.Debug|Any CPU.ActiveCfg = Debug|Any CPU
		{2D47B2EC-0D8D-4640-A271-0A58F2B185C0}.Debug|Any CPU.Build.0 = Debug|Any CPU
		{2D47B2EC-0D8D-4640-A271-0A58F2B185C0}.Release|Any CPU.ActiveCfg = Release|Any CPU
		{2D47B2EC-0D8D-4640-A271-0A58F2B185C0}.Release|Any CPU.Build.0 = Release|Any CPU
		{5D359BAE-FEDF-45CA-9156-8A6744751D62}.Debug|Any CPU.ActiveCfg = Debug|Any CPU
		{5D359BAE-FEDF-45CA-9156-8A6744751D62}.Debug|Any CPU.Build.0 = Debug|Any CPU
		{5D359BAE-FEDF-45CA-9156-8A6744751D62}.Release|Any CPU.ActiveCfg = Release|Any CPU
		{5D359BAE-FEDF-45CA-9156-8A6744751D62}.Release|Any CPU.Build.0 = Release|Any CPU
		{B55799E7-2F68-4BD3-8F6A-06CB39B1FFB0}.Debug|Any CPU.ActiveCfg = Debug|Any CPU
		{B55799E7-2F68-4BD3-8F6A-06CB39B1FFB0}.Debug|Any CPU.Build.0 = Debug|Any CPU
		{B55799E7-2F68-4BD3-8F6A-06CB39B1FFB0}.Release|Any CPU.ActiveCfg = Release|Any CPU
		{B55799E7-2F68-4BD3-8F6A-06CB39B1FFB0}.Release|Any CPU.Build.0 = Release|Any CPU
	EndGlobalSection
	GlobalSection(SolutionProperties) = preSolution
		HideSolutionNode = FALSE
	EndGlobalSection
	GlobalSection(ExtensibilityGlobals) = postSolution
		SolutionGuid = {95690D9A-602E-42C5-857E-9D6822A9193F}
	EndGlobalSection
EndGlobal
